
Microsoft Visual Studio Solution File, Format Version 12.00
# Visual Studio 15
VisualStudioVersion = 15.0.28307.1145
MinimumVisualStudioVersion = 10.0.40219.1
Project("{FAE04EC0-301F-11D3-BF4B-00C04F79EFBC}") = "PairProgrammingLab", "PairProgrammingLab\PairProgrammingLab.csproj", "{DBEBDBE1-A24C-431F-B214-816724FFFEED}"
EndProject
Global
	GlobalSection(SolutionConfigurationPlatforms) = preSolution
		Debug|Any CPU = Debug|Any CPU
		Release|Any CPU = Release|Any CPU
	EndGlobalSection
	GlobalSection(ProjectConfigurationPlatforms) = postSolution
		{DBEBDBE1-A24C-431F-B214-816724FFFEED}.Debug|Any CPU.ActiveCfg = Debug|Any CPU
		{DBEBDBE1-A24C-431F-B214-816724FFFEED}.Debug|Any CPU.Build.0 = Debug|Any CPU
		{DBEBDBE1-A24C-431F-B214-816724FFFEED}.Release|Any CPU.ActiveCfg = Release|Any CPU
		{DBEBDBE1-A24C-431F-B214-816724FFFEED}.Release|Any CPU.Build.0 = Release|Any CPU
	EndGlobalSection
	GlobalSection(SolutionProperties) = preSolution
		HideSolutionNode = FALSE
	EndGlobalSection
	GlobalSection(ExtensibilityGlobals) = postSolution
		SolutionGuid = {603878BC-C76C-4D10-95D0-419B085317E9}
	EndGlobalSection
EndGlobal
